
Microsoft Visual Studio Solution File, Format Version 12.00
# Visual Studio 2013
VisualStudioVersion = 12.0.31101.0
MinimumVisualStudioVersion = 10.0.40219.1
Project("{FAE04EC0-301F-11D3-BF4B-00C04F79EFBC}") = "Model", "Model\Model.csproj", "{F05CE81E-AF10-41B3-81AF-8FCD81270F56}"
EndProject
Project("{FAE04EC0-301F-11D3-BF4B-00C04F79EFBC}") = "Data", "Data\Data.csproj", "{A7073137-3562-428E-8DE5-07B5FA65800A}"
EndProject
Project("{FAE04EC0-301F-11D3-BF4B-00C04F79EFBC}") = "Service", "Service\Service.csproj", "{06ACAEE9-9F53-458D-BF47-DB9FCB011894}"
EndProject
Project("{FAE04EC0-301F-11D3-BF4B-00C04F79EFBC}") = "Web", "Web\Web.csproj", "{586E88B3-75F9-407A-8F1F-531655823C76}"
EndProject
Project("{FAE04EC0-301F-11D3-BF4B-00C04F79EFBC}") = "WebApi", "WebApi\WebApi.csproj", "{B64556DF-B4B8-4405-83B0-DECD785D41F0}"
EndProject
Global
	GlobalSection(SolutionConfigurationPlatforms) = preSolution
		Debug|Any CPU = Debug|Any CPU
		Release|Any CPU = Release|Any CPU
	EndGlobalSection
	GlobalSection(ProjectConfigurationPlatforms) = postSolution
		{F05CE81E-AF10-41B3-81AF-8FCD81270F56}.Debug|Any CPU.ActiveCfg = Debug|Any CPU
		{F05CE81E-AF10-41B3-81AF-8FCD81270F56}.Debug|Any CPU.Build.0 = Debug|Any CPU
		{F05CE81E-AF10-41B3-81AF-8FCD81270F56}.Release|Any CPU.ActiveCfg = Release|Any CPU
		{F05CE81E-AF10-41B3-81AF-8FCD81270F56}.Release|Any CPU.Build.0 = Release|Any CPU
		{A7073137-3562-428E-8DE5-07B5FA65800A}.Debug|Any CPU.ActiveCfg = Debug|Any CPU
		{A7073137-3562-428E-8DE5-07B5FA65800A}.Debug|Any CPU.Build.0 = Debug|Any CPU
		{A7073137-3562-428E-8DE5-07B5FA65800A}.Release|Any CPU.ActiveCfg = Release|Any CPU
		{A7073137-3562-428E-8DE5-07B5FA65800A}.Release|Any CPU.Build.0 = Release|Any CPU
		{06ACAEE9-9F53-458D-BF47-DB9FCB011894}.Debug|Any CPU.ActiveCfg = Debug|Any CPU
		{06ACAEE9-9F53-458D-BF47-DB9FCB011894}.Debug|Any CPU.Build.0 = Debug|Any CPU
		{06ACAEE9-9F53-458D-BF47-DB9FCB011894}.Release|Any CPU.ActiveCfg = Release|Any CPU
		{06ACAEE9-9F53-458D-BF47-DB9FCB011894}.Release|Any CPU.Build.0 = Release|Any CPU
		{586E88B3-75F9-407A-8F1F-531655823C76}.Debug|Any CPU.ActiveCfg = Debug|Any CPU
		{586E88B3-75F9-407A-8F1F-531655823C76}.Debug|Any CPU.Build.0 = Debug|Any CPU
		{586E88B3-75F9-407A-8F1F-531655823C76}.Release|Any CPU.ActiveCfg = Release|Any CPU
		{586E88B3-75F9-407A-8F1F-531655823C76}.Release|Any CPU.Build.0 = Release|Any CPU
		{B64556DF-B4B8-4405-83B0-DECD785D41F0}.Debug|Any CPU.ActiveCfg = Debug|Any CPU
		{B64556DF-B4B8-4405-83B0-DECD785D41F0}.Debug|Any CPU.Build.0 = Debug|Any CPU
		{B64556DF-B4B8-4405-83B0-DECD785D41F0}.Release|Any CPU.ActiveCfg = Release|Any CPU
		{B64556DF-B4B8-4405-83B0-DECD785D41F0}.Release|Any CPU.Build.0 = Release|Any CPU
	EndGlobalSection
	GlobalSection(SolutionProperties) = preSolution
		HideSolutionNode = FALSE
	EndGlobalSection
EndGlobal
